
Microsoft Visual Studio Solution File, Format Version 12.00
# Visual Studio Version 17
VisualStudioVersion = 17.8.34330.188
MinimumVisualStudioVersion = 10.0.40219.1
Project("{8BC9CEB8-8B4A-11D0-8D11-00A0C91BC942}") = "lab3 dop3,2", "lab3 dop3,2\lab3 dop3,2.vcxproj", "{8DD8147E-AD3F-4EBB-BCBE-CA42C3930ED8}"
EndProject
Global
	GlobalSection(SolutionConfigurationPlatforms) = preSolution
		Debug|x64 = Debug|x64
		Debug|x86 = Debug|x86
		Release|x64 = Release|x64
		Release|x86 = Release|x86
	EndGlobalSection
	GlobalSection(ProjectConfigurationPlatforms) = postSolution
		{8DD8147E-AD3F-4EBB-BCBE-CA42C3930ED8}.Debug|x64.ActiveCfg = Debug|x64
		{8DD8147E-AD3F-4EBB-BCBE-CA42C3930ED8}.Debug|x64.Build.0 = Debug|x64
		{8DD8147E-AD3F-4EBB-BCBE-CA42C3930ED8}.Debug|x86.ActiveCfg = Debug|Win32
		{8DD8147E-AD3F-4EBB-BCBE-CA42C3930ED8}.Debug|x86.Build.0 = Debug|Win32
		{8DD8147E-AD3F-4EBB-BCBE-CA42C3930ED8}.Release|x64.ActiveCfg = Release|x64
		{8DD8147E-AD3F-4EBB-BCBE-CA42C3930ED8}.Release|x64.Build.0 = Release|x64
		{8DD8147E-AD3F-4EBB-BCBE-CA42C3930ED8}.Release|x86.ActiveCfg = Release|Win32
		{8DD8147E-AD3F-4EBB-BCBE-CA42C3930ED8}.Release|x86.Build.0 = Release|Win32
	EndGlobalSection
	GlobalSection(SolutionProperties) = preSolution
		HideSolutionNode = FALSE
	EndGlobalSection
	GlobalSection(ExtensibilityGlobals) = postSolution
		SolutionGuid = {B24713D0-FA95-4D05-B0D6-240A4AAC9A6F}
	EndGlobalSection
EndGlobal
